
Microsoft Visual Studio Solution File, Format Version 12.00
# Visual Studio Version 17
VisualStudioVersion = 17.14.36518.9
MinimumVisualStudioVersion = 10.0.40219.1
Project("{FAE04EC0-301F-11D3-BF4B-00C04F79EFBC}") = "AppForca", "AppFoca\AppForca.csproj", "{19921E66-22EF-4864-AF8F-CD4EA5F2C1CD}"
EndProject
Global
	GlobalSection(SolutionConfigurationPlatforms) = preSolution
		Debug|Any CPU = Debug|Any CPU
		Release|Any CPU = Release|Any CPU
	EndGlobalSection
	GlobalSection(ProjectConfigurationPlatforms) = postSolution
		{19921E66-22EF-4864-AF8F-CD4EA5F2C1CD}.Debug|Any CPU.ActiveCfg = Debug|Any CPU
		{19921E66-22EF-4864-AF8F-CD4EA5F2C1CD}.Debug|Any CPU.Build.0 = Debug|Any CPU
		{19921E66-22EF-4864-AF8F-CD4EA5F2C1CD}.Debug|Any CPU.Deploy.0 = Debug|Any CPU
		{19921E66-22EF-4864-AF8F-CD4EA5F2C1CD}.Release|Any CPU.ActiveCfg = Release|Any CPU
		{19921E66-22EF-4864-AF8F-CD4EA5F2C1CD}.Release|Any CPU.Build.0 = Release|Any CPU
		{19921E66-22EF-4864-AF8F-CD4EA5F2C1CD}.Release|Any CPU.Deploy.0 = Release|Any CPU
	EndGlobalSection
	GlobalSection(SolutionProperties) = preSolution
		HideSolutionNode = FALSE
	EndGlobalSection
	GlobalSection(ExtensibilityGlobals) = postSolution
		SolutionGuid = {CB75144F-C085-434E-A48D-30E457B0FC53}
	EndGlobalSection
EndGlobal
